
Microsoft Visual Studio Solution File, Format Version 12.00
# Visual Studio Version 16
VisualStudioVersion = 16.0.28803.156
MinimumVisualStudioVersion = 10.0.40219.1
Project("{FAE04EC0-301F-11D3-BF4B-00C04F79EFBC}") = "app1", "app1\app1.csproj", "{BDCEF5F5-5B31-4854-AB35-C90413A79B4B}"
EndProject
Global
	GlobalSection(SolutionConfigurationPlatforms) = preSolution
		Debug|Any CPU = Debug|Any CPU
		Release|Any CPU = Release|Any CPU
	EndGlobalSection
	GlobalSection(ProjectConfigurationPlatforms) = postSolution
		{BDCEF5F5-5B31-4854-AB35-C90413A79B4B}.Debug|Any CPU.ActiveCfg = Debug|Any CPU
		{BDCEF5F5-5B31-4854-AB35-C90413A79B4B}.Debug|Any CPU.Build.0 = Debug|Any CPU
		{BDCEF5F5-5B31-4854-AB35-C90413A79B4B}.Release|Any CPU.ActiveCfg = Release|Any CPU
		{BDCEF5F5-5B31-4854-AB35-C90413A79B4B}.Release|Any CPU.Build.0 = Release|Any CPU
	EndGlobalSection
	GlobalSection(SolutionProperties) = preSolution
		HideSolutionNode = FALSE
	EndGlobalSection
	GlobalSection(ExtensibilityGlobals) = postSolution
		SolutionGuid = {FC237A2A-2E72-409E-9A80-A6F844EB3CCC}
	EndGlobalSection
EndGlobal
